
Microsoft Visual Studio Solution File, Format Version 12.00
# Visual Studio 2012
Project("{FAE04EC0-301F-11D3-BF4B-00C04F79EFBC}") = "NuGetTest", "NuGetTest\NuGetTest.csproj", "{7E9DA5B4-4556-4CD4-AFAE-3C7CB8EAAEA3}"
EndProject
Project("{FAE04EC0-301F-11D3-BF4B-00C04F79EFBC}") = "NuGetTest.iOS", "iOS\NuGetTest.iOS.csproj", "{7F6121BE-9DDA-4B76-BA8B-2431FE36E2D7}"
EndProject
Project("{FAE04EC0-301F-11D3-BF4B-00C04F79EFBC}") = "NuGetTest.Droid", "Droid\NuGetTest.Droid.csproj", "{962B8EFC-E33A-42CE-8DD7-E3B876230EE4}"
EndProject
Global
	GlobalSection(SolutionConfigurationPlatforms) = preSolution
		Debug|Any CPU = Debug|Any CPU
		Release|Any CPU = Release|Any CPU
		Debug|iPhoneSimulator = Debug|iPhoneSimulator
		Release|iPhoneSimulator = Release|iPhoneSimulator
		Debug|iPhone = Debug|iPhone
		Release|iPhone = Release|iPhone
		Ad-Hoc|iPhone = Ad-Hoc|iPhone
		AppStore|iPhone = AppStore|iPhone
	EndGlobalSection
	GlobalSection(ProjectConfigurationPlatforms) = postSolution
		{7E9DA5B4-4556-4CD4-AFAE-3C7CB8EAAEA3}.Ad-Hoc|iPhone.ActiveCfg = Debug|Any CPU
		{7E9DA5B4-4556-4CD4-AFAE-3C7CB8EAAEA3}.Ad-Hoc|iPhone.Build.0 = Debug|Any CPU
		{7E9DA5B4-4556-4CD4-AFAE-3C7CB8EAAEA3}.AppStore|iPhone.ActiveCfg = Debug|Any CPU
		{7E9DA5B4-4556-4CD4-AFAE-3C7CB8EAAEA3}.AppStore|iPhone.Build.0 = Debug|Any CPU
		{7E9DA5B4-4556-4CD4-AFAE-3C7CB8EAAEA3}.Debug|Any CPU.ActiveCfg = Debug|Any CPU
		{7E9DA5B4-4556-4CD4-AFAE-3C7CB8EAAEA3}.Debug|Any CPU.Build.0 = Debug|Any CPU
		{7E9DA5B4-4556-4CD4-AFAE-3C7CB8EAAEA3}.Debug|iPhone.ActiveCfg = Debug|Any CPU
		{7E9DA5B4-4556-4CD4-AFAE-3C7CB8EAAEA3}.Debug|iPhone.Build.0 = Debug|Any CPU
		{7E9DA5B4-4556-4CD4-AFAE-3C7CB8EAAEA3}.Debug|iPhoneSimulator.ActiveCfg = Debug|Any CPU
		{7E9DA5B4-4556-4CD4-AFAE-3C7CB8EAAEA3}.Debug|iPhoneSimulator.Build.0 = Debug|Any CPU
		{7E9DA5B4-4556-4CD4-AFAE-3C7CB8EAAEA3}.Release|Any CPU.ActiveCfg = Release|Any CPU
		{7E9DA5B4-4556-4CD4-AFAE-3C7CB8EAAEA3}.Release|Any CPU.Build.0 = Release|Any CPU
		{7E9DA5B4-4556-4CD4-AFAE-3C7CB8EAAEA3}.Release|iPhone.ActiveCfg = Release|Any CPU
		{7E9DA5B4-4556-4CD4-AFAE-3C7CB8EAAEA3}.Release|iPhone.Build.0 = Release|Any CPU
		{7E9DA5B4-4556-4CD4-AFAE-3C7CB8EAAEA3}.Release|iPhoneSimulator.ActiveCfg = Release|Any CPU
		{7E9DA5B4-4556-4CD4-AFAE-3C7CB8EAAEA3}.Release|iPhoneSimulator.Build.0 = Release|Any CPU
		{7F6121BE-9DDA-4B76-BA8B-2431FE36E2D7}.Ad-Hoc|iPhone.ActiveCfg = Ad-Hoc|iPhone
		{7F6121BE-9DDA-4B76-BA8B-2431FE36E2D7}.Ad-Hoc|iPhone.Build.0 = Ad-Hoc|iPhone
		{7F6121BE-9DDA-4B76-BA8B-2431FE36E2D7}.AppStore|iPhone.ActiveCfg = AppStore|iPhone
		{7F6121BE-9DDA-4B76-BA8B-2431FE36E2D7}.AppStore|iPhone.Build.0 = AppStore|iPhone
		{7F6121BE-9DDA-4B76-BA8B-2431FE36E2D7}.Debug|Any CPU.ActiveCfg = Debug|iPhoneSimulator
		{7F6121BE-9DDA-4B76-BA8B-2431FE36E2D7}.Debug|Any CPU.Build.0 = Debug|iPhoneSimulator
		{7F6121BE-9DDA-4B76-BA8B-2431FE36E2D7}.Debug|iPhone.ActiveCfg = Debug|iPhone
		{7F6121BE-9DDA-4B76-BA8B-2431FE36E2D7}.Debug|iPhone.Build.0 = Debug|iPhone
		{7F6121BE-9DDA-4B76-BA8B-2431FE36E2D7}.Debug|iPhoneSimulator.ActiveCfg = Debug|iPhoneSimulator
		{7F6121BE-9DDA-4B76-BA8B-2431FE36E2D7}.Debug|iPhoneSimulator.Build.0 = Debug|iPhoneSimulator
		{7F6121BE-9DDA-4B76-BA8B-2431FE36E2D7}.Release|Any CPU.ActiveCfg = Release|iPhoneSimulator
		{7F6121BE-9DDA-4B76-BA8B-2431FE36E2D7}.Release|Any CPU.Build.0 = Release|iPhoneSimulator
		{7F6121BE-9DDA-4B76-BA8B-2431FE36E2D7}.Release|iPhone.ActiveCfg = Release|iPhone
		{7F6121BE-9DDA-4B76-BA8B-2431FE36E2D7}.Release|iPhone.Build.0 = Release|iPhone
		{7F6121BE-9DDA-4B76-BA8B-2431FE36E2D7}.Release|iPhoneSimulator.ActiveCfg = Release|iPhoneSimulator
		{7F6121BE-9DDA-4B76-BA8B-2431FE36E2D7}.Release|iPhoneSimulator.Build.0 = Release|iPhoneSimulator
		{962B8EFC-E33A-42CE-8DD7-E3B876230EE4}.Ad-Hoc|iPhone.ActiveCfg = Release|Any CPU
		{962B8EFC-E33A-42CE-8DD7-E3B876230EE4}.Ad-Hoc|iPhone.Build.0 = Release|Any CPU
		{962B8EFC-E33A-42CE-8DD7-E3B876230EE4}.AppStore|iPhone.ActiveCfg = Release|Any CPU
		{962B8EFC-E33A-42CE-8DD7-E3B876230EE4}.AppStore|iPhone.Build.0 = Release|Any CPU
		{962B8EFC-E33A-42CE-8DD7-E3B876230EE4}.Debug|Any CPU.ActiveCfg = Debug|Any CPU
		{962B8EFC-E33A-42CE-8DD7-E3B876230EE4}.Debug|Any CPU.Build.0 = Debug|Any CPU
		{962B8EFC-E33A-42CE-8DD7-E3B876230EE4}.Debug|iPhone.ActiveCfg = Debug|Any CPU
		{962B8EFC-E33A-42CE-8DD7-E3B876230EE4}.Debug|iPhone.Build.0 = Debug|Any CPU
		{962B8EFC-E33A-42CE-8DD7-E3B876230EE4}.Debug|iPhoneSimulator.ActiveCfg = Debug|Any CPU
		{962B8EFC-E33A-42CE-8DD7-E3B876230EE4}.Debug|iPhoneSimulator.Build.0 = Debug|Any CPU
		{962B8EFC-E33A-42CE-8DD7-E3B876230EE4}.Release|Any CPU.ActiveCfg = Release|Any CPU
		{962B8EFC-E33A-42CE-8DD7-E3B876230EE4}.Release|Any CPU.Build.0 = Release|Any CPU
		{962B8EFC-E33A-42CE-8DD7-E3B876230EE4}.Release|iPhone.ActiveCfg = Release|Any CPU
		{962B8EFC-E33A-42CE-8DD7-E3B876230EE4}.Release|iPhone.Build.0 = Release|Any CPU
		{962B8EFC-E33A-42CE-8DD7-E3B876230EE4}.Release|iPhoneSimulator.ActiveCfg = Release|Any CPU
		{962B8EFC-E33A-42CE-8DD7-E3B876230EE4}.Release|iPhoneSimulator.Build.0 = Release|Any CPU
	EndGlobalSection
EndGlobal
